
Microsoft Visual Studio Solution File, Format Version 12.00
# Visual Studio Version 17
VisualStudioVersion = 17.7.34018.315
MinimumVisualStudioVersion = 10.0.40219.1
Project("{8BC9CEB8-8B4A-11D0-8D11-00A0C91BC942}") = "homework_02_02_03", "homework_02_02_03\homework_02_02_03.vcxproj", "{45A86A76-F60C-4B83-924C-D0BB3C1135DA}"
EndProject
Global
	GlobalSection(SolutionConfigurationPlatforms) = preSolution
		Debug|x64 = Debug|x64
		Debug|x86 = Debug|x86
		Release|x64 = Release|x64
		Release|x86 = Release|x86
	EndGlobalSection
	GlobalSection(ProjectConfigurationPlatforms) = postSolution
		{45A86A76-F60C-4B83-924C-D0BB3C1135DA}.Debug|x64.ActiveCfg = Debug|x64
		{45A86A76-F60C-4B83-924C-D0BB3C1135DA}.Debug|x64.Build.0 = Debug|x64
		{45A86A76-F60C-4B83-924C-D0BB3C1135DA}.Debug|x86.ActiveCfg = Debug|Win32
		{45A86A76-F60C-4B83-924C-D0BB3C1135DA}.Debug|x86.Build.0 = Debug|Win32
		{45A86A76-F60C-4B83-924C-D0BB3C1135DA}.Release|x64.ActiveCfg = Release|x64
		{45A86A76-F60C-4B83-924C-D0BB3C1135DA}.Release|x64.Build.0 = Release|x64
		{45A86A76-F60C-4B83-924C-D0BB3C1135DA}.Release|x86.ActiveCfg = Release|Win32
		{45A86A76-F60C-4B83-924C-D0BB3C1135DA}.Release|x86.Build.0 = Release|Win32
	EndGlobalSection
	GlobalSection(SolutionProperties) = preSolution
		HideSolutionNode = FALSE
	EndGlobalSection
	GlobalSection(ExtensibilityGlobals) = postSolution
		SolutionGuid = {DBFC6A46-7A9A-4E13-BC35-EC6EA7099B6B}
	EndGlobalSection
EndGlobal
