
Microsoft Visual Studio Solution File, Format Version 12.00
# Visual Studio Version 17
VisualStudioVersion = 17.7.34031.279
MinimumVisualStudioVersion = 10.0.40219.1
Project("{8BC9CEB8-8B4A-11D0-8D11-00A0C91BC942}") = "homework_02_11_02", "homework_02_11_02\homework_02_11_02.vcxproj", "{A21372ED-0C3B-408D-9767-6195D88B447C}"
	ProjectSection(ProjectDependencies) = postProject
		{EB0C74E8-F602-4300-AB69-B8F9264F90EB} = {EB0C74E8-F602-4300-AB69-B8F9264F90EB}
	EndProjectSection
EndProject
Project("{8BC9CEB8-8B4A-11D0-8D11-00A0C91BC942}") = "Addressing_someone", "..\..\lib\Addressing_someone\Addressing_someone\Addressing_someone.vcxproj", "{EB0C74E8-F602-4300-AB69-B8F9264F90EB}"
EndProject
Global
	GlobalSection(SolutionConfigurationPlatforms) = preSolution
		Debug|x64 = Debug|x64
		Debug|x86 = Debug|x86
		Release|x64 = Release|x64
		Release|x86 = Release|x86
	EndGlobalSection
	GlobalSection(ProjectConfigurationPlatforms) = postSolution
		{A21372ED-0C3B-408D-9767-6195D88B447C}.Debug|x64.ActiveCfg = Debug|x64
		{A21372ED-0C3B-408D-9767-6195D88B447C}.Debug|x64.Build.0 = Debug|x64
		{A21372ED-0C3B-408D-9767-6195D88B447C}.Debug|x86.ActiveCfg = Debug|Win32
		{A21372ED-0C3B-408D-9767-6195D88B447C}.Debug|x86.Build.0 = Debug|Win32
		{A21372ED-0C3B-408D-9767-6195D88B447C}.Release|x64.ActiveCfg = Release|x64
		{A21372ED-0C3B-408D-9767-6195D88B447C}.Release|x64.Build.0 = Release|x64
		{A21372ED-0C3B-408D-9767-6195D88B447C}.Release|x86.ActiveCfg = Release|Win32
		{A21372ED-0C3B-408D-9767-6195D88B447C}.Release|x86.Build.0 = Release|Win32
		{EB0C74E8-F602-4300-AB69-B8F9264F90EB}.Debug|x64.ActiveCfg = Debug|x64
		{EB0C74E8-F602-4300-AB69-B8F9264F90EB}.Debug|x64.Build.0 = Debug|x64
		{EB0C74E8-F602-4300-AB69-B8F9264F90EB}.Debug|x86.ActiveCfg = Debug|Win32
		{EB0C74E8-F602-4300-AB69-B8F9264F90EB}.Debug|x86.Build.0 = Debug|Win32
		{EB0C74E8-F602-4300-AB69-B8F9264F90EB}.Release|x64.ActiveCfg = Release|x64
		{EB0C74E8-F602-4300-AB69-B8F9264F90EB}.Release|x64.Build.0 = Release|x64
		{EB0C74E8-F602-4300-AB69-B8F9264F90EB}.Release|x86.ActiveCfg = Release|Win32
		{EB0C74E8-F602-4300-AB69-B8F9264F90EB}.Release|x86.Build.0 = Release|Win32
	EndGlobalSection
	GlobalSection(SolutionProperties) = preSolution
		HideSolutionNode = FALSE
	EndGlobalSection
	GlobalSection(ExtensibilityGlobals) = postSolution
		SolutionGuid = {12305191-7BD9-48F2-8688-A2F907B0A105}
	EndGlobalSection
EndGlobal
